
Microsoft Visual Studio Solution File, Format Version 12.00
# Visual Studio Version 17
VisualStudioVersion = 17.6.33723.286
MinimumVisualStudioVersion = 10.0.40219.1
Project("{FAE04EC0-301F-11D3-BF4B-00C04F79EFBC}") = "TMS_Soucedemo", "TMS_Soucedemo\TMS_Soucedemo.csproj", "{FDA63F54-03FF-493D-9242-3CC6B7EACEA4}"
EndProject
Global
	GlobalSection(SolutionConfigurationPlatforms) = preSolution
		Debug|Any CPU = Debug|Any CPU
		Release|Any CPU = Release|Any CPU
	EndGlobalSection
	GlobalSection(ProjectConfigurationPlatforms) = postSolution
		{FDA63F54-03FF-493D-9242-3CC6B7EACEA4}.Debug|Any CPU.ActiveCfg = Debug|Any CPU
		{FDA63F54-03FF-493D-9242-3CC6B7EACEA4}.Debug|Any CPU.Build.0 = Debug|Any CPU
		{FDA63F54-03FF-493D-9242-3CC6B7EACEA4}.Release|Any CPU.ActiveCfg = Release|Any CPU
		{FDA63F54-03FF-493D-9242-3CC6B7EACEA4}.Release|Any CPU.Build.0 = Release|Any CPU
	EndGlobalSection
	GlobalSection(SolutionProperties) = preSolution
		HideSolutionNode = FALSE
	EndGlobalSection
	GlobalSection(ExtensibilityGlobals) = postSolution
		SolutionGuid = {33EE82EF-F321-4A99-BDBB-7164172CC6A2}
	EndGlobalSection
EndGlobal
